
Microsoft Visual Studio Solution File, Format Version 12.00
# Visual Studio Version 16
VisualStudioVersion = 16.0.31019.35
MinimumVisualStudioVersion = 10.0.40219.1
Project("{FAE04EC0-301F-11D3-BF4B-00C04F79EFBC}") = "KalkulatorIP", "KalkulatorIP.csproj", "{D4890315-1C46-4471-82AD-E9442C1777D0}"
EndProject
Global
	GlobalSection(SolutionConfigurationPlatforms) = preSolution
		Debug|Any CPU = Debug|Any CPU
		Release|Any CPU = Release|Any CPU
	EndGlobalSection
	GlobalSection(ProjectConfigurationPlatforms) = postSolution
		{D4890315-1C46-4471-82AD-E9442C1777D0}.Debug|Any CPU.ActiveCfg = Debug|Any CPU
		{D4890315-1C46-4471-82AD-E9442C1777D0}.Debug|Any CPU.Build.0 = Debug|Any CPU
		{D4890315-1C46-4471-82AD-E9442C1777D0}.Release|Any CPU.ActiveCfg = Release|Any CPU
		{D4890315-1C46-4471-82AD-E9442C1777D0}.Release|Any CPU.Build.0 = Release|Any CPU
	EndGlobalSection
	GlobalSection(SolutionProperties) = preSolution
		HideSolutionNode = FALSE
	EndGlobalSection
	GlobalSection(ExtensibilityGlobals) = postSolution
		SolutionGuid = {6AFB196B-6CCE-4EB4-B35E-C65DF4A87B0C}
	EndGlobalSection
EndGlobal
